// !$*UTF8*$!
{
	archiveVersion = 1;
	classes = {
	};
	objectVersion = 46;
	objects = {

/* Begin PBXBuildFile section */
		2328532DEC3E60BC735BB3B3 /* libPods.a in Frameworks */ = {isa = PBXBuildFile; fileRef = 393455A87C9C36AD4224B09F /* libPods.a */; };
		799C862F1A830E160046984B /* main.m in Sources */ = {isa = PBXBuildFile; fileRef = 799C862E1A830E160046984B /* main.m */; };
		799C86321A830E160046984B /* AppDelegate.m in Sources */ = {isa = PBXBuildFile; fileRef = 799C86311A830E160046984B /* AppDelegate.m */; };
		799C86351A830E160046984B /* ViewController.m in Sources */ = {isa = PBXBuildFile; fileRef = 799C86341A830E160046984B /* ViewController.m */; };
		799C86381A830E160046984B /* Main.storyboard in Resources */ = {isa = PBXBuildFile; fileRef = 799C86361A830E160046984B /* Main.storyboard */; };
		799C863A1A830E160046984B /* Images.xcassets in Resources */ = {isa = PBXBuildFile; fileRef = 799C86391A830E160046984B /* Images.xcassets */; };
		799C863D1A830E160046984B /* LaunchScreen.xib in Resources */ = {isa = PBXBuildFile; fileRef = 799C863B1A830E160046984B /* LaunchScreen.xib */; };
		799C86491A830E160046984B /* mapdemoTests.m in Sources */ = {isa = PBXBuildFile; fileRef = 799C86481A830E160046984B /* mapdemoTests.m */; };
		799C86541A83174D0046984B /* sectionModel.m in Sources */ = {isa = PBXBuildFile; fileRef = 799C86531A83174D0046984B /* sectionModel.m */; };
		799C86571A831B4F0046984B /* myAnnotationView.m in Sources */ = {isa = PBXBuildFile; fileRef = 799C86561A831B4F0046984B /* myAnnotationView.m */; };
		799C86591A831D550046984B /* annoImg@2x.png in Resources */ = {isa = PBXBuildFile; fileRef = 799C86581A831D550046984B /* annoImg@2x.png */; };
		799C867F1A83486E0046984B /* MAMapKit in Frameworks */ = {isa = PBXBuildFile; fileRef = 799C867C1A83486E0046984B /* MAMapKit */; };
		799C86801A83486E0046984B /* AMap.bundle in Resources */ = {isa = PBXBuildFile; fileRef = 799C867E1A83486E0046984B /* AMap.bundle */; };
		799C86821A8348B90046984B /* CoreGraphics.framework in Frameworks */ = {isa = PBXBuildFile; fileRef = 799C86811A8348B90046984B /* CoreGraphics.framework */; };
		799C86841A8348C20046984B /* CoreLocation.framework in Frameworks */ = {isa = PBXBuildFile; fileRef = 799C86831A8348C20046984B /* CoreLocation.framework */; };
		799C86861A8348CD0046984B /* CoreTelephony.framework in Frameworks */ = {isa = PBXBuildFile; fileRef = 799C86851A8348CD0046984B /* CoreTelephony.framework */; };
		799C86881A8348D60046984B /* QuartzCore.framework in Frameworks */ = {isa = PBXBuildFile; fileRef = 799C86871A8348D60046984B /* QuartzCore.framework */; };
		799C868A1A8348DE0046984B /* OpenGLES.framework in Frameworks */ = {isa = PBXBuildFile; fileRef = 799C86891A8348DE0046984B /* OpenGLES.framework */; };
		799C868C1A8348E60046984B /* Security.framework in Frameworks */ = {isa = PBXBuildFile; fileRef = 799C868B1A8348E60046984B /* Security.framework */; };
		799C868E1A8348FE0046984B /* libz.dylib in Frameworks */ = {isa = PBXBuildFile; fileRef = 799C868D1A8348FE0046984B /* libz.dylib */; };
		799C86901A83490A0046984B /* libstdc++.6.0.9.dylib in Frameworks */ = {isa = PBXBuildFile; fileRef = 799C868F1A83490A0046984B /* libstdc++.6.0.9.dylib */; };
		799C86921A8349140046984B /* SystemConfiguration.framework in Frameworks */ = {isa = PBXBuildFile; fileRef = 799C86911A8349140046984B /* SystemConfiguration.framework */; };
		799C86951A8373780046984B /* myAnnotation.m in Sources */ = {isa = PBXBuildFile; fileRef = 799C86941A8373780046984B /* myAnnotation.m */; };
		799C86971A846A220046984B /* selfImg@2x.png in Resources */ = {isa = PBXBuildFile; fileRef = 799C86961A846A220046984B /* selfImg@2x.png */; };
/* End PBXBuildFile section */

/* Begin PBXContainerItemProxy section */
		799C86431A830E160046984B /* PBXContainerItemProxy */ = {
			isa = PBXContainerItemProxy;
			containerPortal = 799C86211A830E160046984B /* Project object */;
			proxyType = 1;
			remoteGlobalIDString = 799C86281A830E160046984B;
			remoteInfo = mapdemo;
		};
/* End PBXContainerItemProxy section */

/* Begin PBXFileReference section */
		393455A87C9C36AD4224B09F /* libPods.a */ = {isa = PBXFileReference; explicitFileType = archive.ar; includeInIndex = 0; path = libPods.a; sourceTree = BUILT_PRODUCTS_DIR; };
		507ED27F295A13670C5CF870 /* Pods.debug.xcconfig */ = {isa = PBXFileReference; includeInIndex = 1; lastKnownFileType = text.xcconfig; name = Pods.debug.xcconfig; path = "Pods/Target Support Files/Pods/Pods.debug.xcconfig"; sourceTree = "<group>"; };
		5BE48CF5E83502A9540FA28E /* Pods.release.xcconfig */ = {isa = PBXFileReference; includeInIndex = 1; lastKnownFileType = text.xcconfig; name = Pods.release.xcconfig; path = "Pods/Target Support Files/Pods/Pods.release.xcconfig"; sourceTree = "<group>"; };
		799C86291A830E160046984B /* mapdemo.app */ = {isa = PBXFileReference; explicitFileType = wrapper.application; includeInIndex = 0; path = mapdemo.app; sourceTree = BUILT_PRODUCTS_DIR; };
		799C862D1A830E160046984B /* Info.plist */ = {isa = PBXFileReference; lastKnownFileType = text.plist.xml; path = Info.plist; sourceTree = "<group>"; };
		799C862E1A830E160046984B /* main.m */ = {isa = PBXFileReference; lastKnownFileType = sourcecode.c.objc; path = main.m; sourceTree = "<group>"; };
		799C86301A830E160046984B /* AppDelegate.h */ = {isa = PBXFileReference; lastKnownFileType = sourcecode.c.h; path = AppDelegate.h; sourceTree = "<group>"; };
		799C86311A830E160046984B /* AppDelegate.m */ = {isa = PBXFileReference; lastKnownFileType = sourcecode.c.objc; path = AppDelegate.m; sourceTree = "<group>"; };
		799C86331A830E160046984B /* ViewController.h */ = {isa = PBXFileReference; lastKnownFileType = sourcecode.c.h; path = ViewController.h; sourceTree = "<group>"; };
		799C86341A830E160046984B /* ViewController.m */ = {isa = PBXFileReference; lastKnownFileType = sourcecode.c.objc; path = ViewController.m; sourceTree = "<group>"; };
		799C86371A830E160046984B /* Base */ = {isa = PBXFileReference; lastKnownFileType = file.storyboard; name = Base; path = Base.lproj/Main.storyboard; sourceTree = "<group>"; };
		799C86391A830E160046984B /* Images.xcassets */ = {isa = PBXFileReference; lastKnownFileType = folder.assetcatalog; path = Images.xcassets; sourceTree = "<group>"; };
		799C863C1A830E160046984B /* Base */ = {isa = PBXFileReference; lastKnownFileType = file.xib; name = Base; path = Base.lproj/LaunchScreen.xib; sourceTree = "<group>"; };
		799C86421A830E160046984B /* mapdemoTests.xctest */ = {isa = PBXFileReference; explicitFileType = wrapper.cfbundle; includeInIndex = 0; path = mapdemoTests.xctest; sourceTree = BUILT_PRODUCTS_DIR; };
		799C86471A830E160046984B /* Info.plist */ = {isa = PBXFileReference; lastKnownFileType = text.plist.xml; path = Info.plist; sourceTree = "<group>"; };
		799C86481A830E160046984B /* mapdemoTests.m */ = {isa = PBXFileReference; lastKnownFileType = sourcecode.c.objc; path = mapdemoTests.m; sourceTree = "<group>"; };
		799C86521A83174D0046984B /* sectionModel.h */ = {isa = PBXFileReference; fileEncoding = 4; lastKnownFileType = sourcecode.c.h; path = sectionModel.h; sourceTree = "<group>"; };
		799C86531A83174D0046984B /* sectionModel.m */ = {isa = PBXFileReference; fileEncoding = 4; lastKnownFileType = sourcecode.c.objc; path = sectionModel.m; sourceTree = "<group>"; };
		799C86551A831B4F0046984B /* myAnnotationView.h */ = {isa = PBXFileReference; fileEncoding = 4; lastKnownFileType = sourcecode.c.h; path = myAnnotationView.h; sourceTree = "<group>"; };
		799C86561A831B4F0046984B /* myAnnotationView.m */ = {isa = PBXFileReference; fileEncoding = 4; lastKnownFileType = sourcecode.c.objc; path = myAnnotationView.m; sourceTree = "<group>"; };
		799C86581A831D550046984B /* annoImg@2x.png */ = {isa = PBXFileReference; lastKnownFileType = image.png; path = "annoImg@2x.png"; sourceTree = "<group>"; };
		799C865B1A83486E0046984B /* MAAnnotation.h */ = {isa = PBXFileReference; fileEncoding = 4; lastKnownFileType = sourcecode.c.h; path = MAAnnotation.h; sourceTree = "<group>"; };
		799C865C1A83486E0046984B /* MAAnnotationView.h */ = {isa = PBXFileReference; fileEncoding = 4; lastKnownFileType = sourcecode.c.h; path = MAAnnotationView.h; sourceTree = "<group>"; };
		799C865D1A83486E0046984B /* MACircle.h */ = {isa = PBXFileReference; fileEncoding = 4; lastKnownFileType = sourcecode.c.h; path = MACircle.h; sourceTree = "<group>"; };
		799C865E1A83486E0046984B /* MACircleRenderer.h */ = {isa = PBXFileReference; fileEncoding = 4; lastKnownFileType = sourcecode.c.h; path = MACircleRenderer.h; sourceTree = "<group>"; };
		799C865F1A83486E0046984B /* MACircleView.h */ = {isa = PBXFileReference; fileEncoding = 4; lastKnownFileType = sourcecode.c.h; path = MACircleView.h; sourceTree = "<group>"; };
		799C86601A83486E0046984B /* MAGeodesicPolyline.h */ = {isa = PBXFileReference; fileEncoding = 4; lastKnownFileType = sourcecode.c.h; path = MAGeodesicPolyline.h; sourceTree = "<group>"; };
		799C86611A83486E0046984B /* MAGeometry.h */ = {isa = PBXFileReference; fileEncoding = 4; lastKnownFileType = sourcecode.c.h; path = MAGeometry.h; sourceTree = "<group>"; };
		799C86621A83486E0046984B /* MAGroundOverlay.h */ = {isa = PBXFileReference; fileEncoding = 4; lastKnownFileType = sourcecode.c.h; path = MAGroundOverlay.h; sourceTree = "<group>"; };
		799C86631A83486E0046984B /* MAGroundOverlayRenderer.h */ = {isa = PBXFileReference; fileEncoding = 4; lastKnownFileType = sourcecode.c.h; path = MAGroundOverlayRenderer.h; sourceTree = "<group>"; };
		799C86641A83486E0046984B /* MAGroundOverlayView.h */ = {isa = PBXFileReference; fileEncoding = 4; lastKnownFileType = sourcecode.c.h; path = MAGroundOverlayView.h; sourceTree = "<group>"; };
		799C86651A83486E0046984B /* MAMapKit.h */ = {isa = PBXFileReference; fileEncoding = 4; lastKnownFileType = sourcecode.c.h; path = MAMapKit.h; sourceTree = "<group>"; };
		799C86661A83486E0046984B /* MAMapServices.h */ = {isa = PBXFileReference; fileEncoding = 4; lastKnownFileType = sourcecode.c.h; path = MAMapServices.h; sourceTree = "<group>"; };
		799C86671A83486E0046984B /* MAMapView.h */ = {isa = PBXFileReference; fileEncoding = 4; lastKnownFileType = sourcecode.c.h; path = MAMapView.h; sourceTree = "<group>"; };
		799C86681A83486E0046984B /* MAMultiPoint.h */ = {isa = PBXFileReference; fileEncoding = 4; lastKnownFileType = sourcecode.c.h; path = MAMultiPoint.h; sourceTree = "<group>"; };
		799C86691A83486E0046984B /* MAOverlay.h */ = {isa = PBXFileReference; fileEncoding = 4; lastKnownFileType = sourcecode.c.h; path = MAOverlay.h; sourceTree = "<group>"; };
		799C866A1A83486E0046984B /* MAOverlayPathRenderer.h */ = {isa = PBXFileReference; fileEncoding = 4; lastKnownFileType = sourcecode.c.h; path = MAOverlayPathRenderer.h; sourceTree = "<group>"; };
		799C866B1A83486E0046984B /* MAOverlayPathView.h */ = {isa = PBXFileReference; fileEncoding = 4; lastKnownFileType = sourcecode.c.h; path = MAOverlayPathView.h; sourceTree = "<group>"; };
		799C866C1A83486E0046984B /* MAOverlayRenderer.h */ = {isa = PBXFileReference; fileEncoding = 4; lastKnownFileType = sourcecode.c.h; path = MAOverlayRenderer.h; sourceTree = "<group>"; };
		799C866D1A83486E0046984B /* MAOverlayView.h */ = {isa = PBXFileReference; fileEncoding = 4; lastKnownFileType = sourcecode.c.h; path = MAOverlayView.h; sourceTree = "<group>"; };
		799C866E1A83486E0046984B /* MAPinAnnotationView.h */ = {isa = PBXFileReference; fileEncoding = 4; lastKnownFileType = sourcecode.c.h; path = MAPinAnnotationView.h; sourceTree = "<group>"; };
		799C866F1A83486E0046984B /* MAPointAnnotation.h */ = {isa = PBXFileReference; fileEncoding = 4; lastKnownFileType = sourcecode.c.h; path = MAPointAnnotation.h; sourceTree = "<group>"; };
		799C86701A83486E0046984B /* MAPolygon.h */ = {isa = PBXFileReference; fileEncoding = 4; lastKnownFileType = sourcecode.c.h; path = MAPolygon.h; sourceTree = "<group>"; };
		799C86711A83486E0046984B /* MAPolygonRenderer.h */ = {isa = PBXFileReference; fileEncoding = 4; lastKnownFileType = sourcecode.c.h; path = MAPolygonRenderer.h; sourceTree = "<group>"; };
		799C86721A83486E0046984B /* MAPolygonView.h */ = {isa = PBXFileReference; fileEncoding = 4; lastKnownFileType = sourcecode.c.h; path = MAPolygonView.h; sourceTree = "<group>"; };
		799C86731A83486E0046984B /* MAPolyline.h */ = {isa = PBXFileReference; fileEncoding = 4; lastKnownFileType = sourcecode.c.h; path = MAPolyline.h; sourceTree = "<group>"; };
		799C86741A83486E0046984B /* MAPolylineRenderer.h */ = {isa = PBXFileReference; fileEncoding = 4; lastKnownFileType = sourcecode.c.h; path = MAPolylineRenderer.h; sourceTree = "<group>"; };
		799C86751A83486E0046984B /* MAPolylineView.h */ = {isa = PBXFileReference; fileEncoding = 4; lastKnownFileType = sourcecode.c.h; path = MAPolylineView.h; sourceTree = "<group>"; };
		799C86761A83486E0046984B /* MAShape.h */ = {isa = PBXFileReference; fileEncoding = 4; lastKnownFileType = sourcecode.c.h; path = MAShape.h; sourceTree = "<group>"; };
		799C86771A83486E0046984B /* MATileOverlay.h */ = {isa = PBXFileReference; fileEncoding = 4; lastKnownFileType = sourcecode.c.h; path = MATileOverlay.h; sourceTree = "<group>"; };
		799C86781A83486E0046984B /* MATileOverlayRenderer.h */ = {isa = PBXFileReference; fileEncoding = 4; lastKnownFileType = sourcecode.c.h; path = MATileOverlayRenderer.h; sourceTree = "<group>"; };
		799C86791A83486E0046984B /* MATileOverlayView.h */ = {isa = PBXFileReference; fileEncoding = 4; lastKnownFileType = sourcecode.c.h; path = MATileOverlayView.h; sourceTree = "<group>"; };
		799C867A1A83486E0046984B /* MAUserLocation.h */ = {isa = PBXFileReference; fileEncoding = 4; lastKnownFileType = sourcecode.c.h; path = MAUserLocation.h; sourceTree = "<group>"; };
		799C867B1A83486E0046984B /* MAUserLocationRepresentation.h */ = {isa = PBXFileReference; fileEncoding = 4; lastKnownFileType = sourcecode.c.h; path = MAUserLocationRepresentation.h; sourceTree = "<group>"; };
		799C867C1A83486E0046984B /* MAMapKit */ = {isa = PBXFileReference; lastKnownFileType = "compiled.mach-o.objfile"; path = MAMapKit; sourceTree = "<group>"; };
		799C867E1A83486E0046984B /* AMap.bundle */ = {isa = PBXFileReference; lastKnownFileType = "wrapper.plug-in"; path = AMap.bundle; sourceTree = "<group>"; };
		799C86811A8348B90046984B /* CoreGraphics.framework */ = {isa = PBXFileReference; lastKnownFileType = wrapper.framework; name = CoreGraphics.framework; path = System/Library/Frameworks/CoreGraphics.framework; sourceTree = SDKROOT; };
		799C86831A8348C20046984B /* CoreLocation.framework */ = {isa = PBXFileReference; lastKnownFileType = wrapper.framework; name = CoreLocation.framework; path = System/Library/Frameworks/CoreLocation.framework; sourceTree = SDKROOT; };
		799C86851A8348CD0046984B /* CoreTelephony.framework */ = {isa = PBXFileReference; lastKnownFileType = wrapper.framework; name = CoreTelephony.framework; path = System/Library/Frameworks/CoreTelephony.framework; sourceTree = SDKROOT; };
		799C86871A8348D60046984B /* QuartzCore.framework */ = {isa = PBXFileReference; lastKnownFileType = wrapper.framework; name = QuartzCore.framework; path = System/Library/Frameworks/QuartzCore.framework; sourceTree = SDKROOT; };
		799C86891A8348DE0046984B /* OpenGLES.framework */ = {isa = PBXFileReference; lastKnownFileType = wrapper.framework; name = OpenGLES.framework; path = System/Library/Frameworks/OpenGLES.framework; sourceTree = SDKROOT; };
		799C868B1A8348E60046984B /* Security.framework */ = {isa = PBXFileReference; lastKnownFileType = wrapper.framework; name = Security.framework; path = System/Library/Frameworks/Security.framework; sourceTree = SDKROOT; };
		799C868D1A8348FE0046984B /* libz.dylib */ = {isa = PBXFileReference; lastKnownFileType = "compiled.mach-o.dylib"; name = libz.dylib; path = usr/lib/libz.dylib; sourceTree = SDKROOT; };
		799C868F1A83490A0046984B /* libstdc++.6.0.9.dylib */ = {isa = PBXFileReference; lastKnownFileType = "compiled.mach-o.dylib"; name = "libstdc++.6.0.9.dylib"; path = "usr/lib/libstdc++.6.0.9.dylib"; sourceTree = SDKROOT; };
		799C86911A8349140046984B /* SystemConfiguration.framework */ = {isa = PBXFileReference; lastKnownFileType = wrapper.framework; name = SystemConfiguration.framework; path = System/Library/Frameworks/SystemConfiguration.framework; sourceTree = SDKROOT; };
		799C86931A8373780046984B /* myAnnotation.h */ = {isa = PBXFileReference; fileEncoding = 4; lastKnownFileType = sourcecode.c.h; path = myAnnotation.h; sourceTree = "<group>"; };
		799C86941A8373780046984B /* myAnnotation.m */ = {isa = PBXFileReference; fileEncoding = 4; lastKnownFileType = sourcecode.c.objc; path = myAnnotation.m; sourceTree = "<group>"; };
		799C86961A846A220046984B /* selfImg@2x.png */ = {isa = PBXFileReference; lastKnownFileType = image.png; path = "selfImg@2x.png"; sourceTree = "<group>"; };
/* End PBXFileReference section */

/* Begin PBXFrameworksBuildPhase section */
		799C86261A830E160046984B /* Frameworks */ = {
			isa = PBXFrameworksBuildPhase;
			buildActionMask = 2147483647;
			files = (
				799C86921A8349140046984B /* SystemConfiguration.framework in Frameworks */,
				799C86901A83490A0046984B /* libstdc++.6.0.9.dylib in Frameworks */,
				799C868E1A8348FE0046984B /* libz.dylib in Frameworks */,
				799C868C1A8348E60046984B /* Security.framework in Frameworks */,
				799C868A1A8348DE0046984B /* OpenGLES.framework in Frameworks */,
				799C86881A8348D60046984B /* QuartzCore.framework in Frameworks */,
				799C86861A8348CD0046984B /* CoreTelephony.framework in Frameworks */,
				799C86841A8348C20046984B /* CoreLocation.framework in Frameworks */,
				799C86821A8348B90046984B /* CoreGraphics.framework in Frameworks */,
				799C867F1A83486E0046984B /* MAMapKit in Frameworks */,
				2328532DEC3E60BC735BB3B3 /* libPods.a in Frameworks */,
			);
			runOnlyForDeploymentPostprocessing = 0;
		};
		799C863F1A830E160046984B /* Frameworks */ = {
			isa = PBXFrameworksBuildPhase;
			buildActionMask = 2147483647;
			files = (
			);
			runOnlyForDeploymentPostprocessing = 0;
		};
/* End PBXFrameworksBuildPhase section */

/* Begin PBXGroup section */
		0272C48195DF336DED3A8B35 /* Pods */ = {
			isa = PBXGroup;
			children = (
				507ED27F295A13670C5CF870 /* Pods.debug.xcconfig */,
				5BE48CF5E83502A9540FA28E /* Pods.release.xcconfig */,
			);
			name = Pods;
			sourceTree = "<group>";
		};
		799C86201A830E160046984B = {
			isa = PBXGroup;
			children = (
				799C862B1A830E160046984B /* mapdemo */,
				799C86451A830E160046984B /* mapdemoTests */,
				799C862A1A830E160046984B /* Products */,
				0272C48195DF336DED3A8B35 /* Pods */,
				B6413DB608FE35CF5950127F /* Frameworks */,
			);
			sourceTree = "<group>";
		};
		799C862A1A830E160046984B /* Products */ = {
			isa = PBXGroup;
			children = (
				799C86291A830E160046984B /* mapdemo.app */,
				799C86421A830E160046984B /* mapdemoTests.xctest */,
			);
			name = Products;
			sourceTree = "<group>";
		};
		799C862B1A830E160046984B /* mapdemo */ = {
			isa = PBXGroup;
			children = (
				799C865A1A83486E0046984B /* Headers */,
				799C867C1A83486E0046984B /* MAMapKit */,
				799C867D1A83486E0046984B /* Resources */,
				799C86301A830E160046984B /* AppDelegate.h */,
				799C86581A831D550046984B /* annoImg@2x.png */,
				799C86311A830E160046984B /* AppDelegate.m */,
				799C86331A830E160046984B /* ViewController.h */,
				799C86961A846A220046984B /* selfImg@2x.png */,
				799C86341A830E160046984B /* ViewController.m */,
				799C86521A83174D0046984B /* sectionModel.h */,
				799C86531A83174D0046984B /* sectionModel.m */,
				799C86361A830E160046984B /* Main.storyboard */,
				799C86391A830E160046984B /* Images.xcassets */,
				799C863B1A830E160046984B /* LaunchScreen.xib */,
				799C86551A831B4F0046984B /* myAnnotationView.h */,
				799C86561A831B4F0046984B /* myAnnotationView.m */,
				799C86931A8373780046984B /* myAnnotation.h */,
				799C86941A8373780046984B /* myAnnotation.m */,
				799C862C1A830E160046984B /* Supporting Files */,
			);
			path = mapdemo;
			sourceTree = "<group>";
		};
		799C862C1A830E160046984B /* Supporting Files */ = {
			isa = PBXGroup;
			children = (
				799C862D1A830E160046984B /* Info.plist */,
				799C862E1A830E160046984B /* main.m */,
			);
			name = "Supporting Files";
			sourceTree = "<group>";
		};
		799C86451A830E160046984B /* mapdemoTests */ = {
			isa = PBXGroup;
			children = (
				799C86481A830E160046984B /* mapdemoTests.m */,
				799C86461A830E160046984B /* Supporting Files */,
			);
			path = mapdemoTests;
			sourceTree = "<group>";
		};
		799C86461A830E160046984B /* Supporting Files */ = {
			isa = PBXGroup;
			children = (
				799C86471A830E160046984B /* Info.plist */,
			);
			name = "Supporting Files";
			sourceTree = "<group>";
		};
		799C865A1A83486E0046984B /* Headers */ = {
			isa = PBXGroup;
			children = (
				799C865B1A83486E0046984B /* MAAnnotation.h */,
				799C865C1A83486E0046984B /* MAAnnotationView.h */,
				799C865D1A83486E0046984B /* MACircle.h */,
				799C865E1A83486E0046984B /* MACircleRenderer.h */,
				799C865F1A83486E0046984B /* MACircleView.h */,
				799C86601A83486E0046984B /* MAGeodesicPolyline.h */,
				799C86611A83486E0046984B /* MAGeometry.h */,
				799C86621A83486E0046984B /* MAGroundOverlay.h */,
				799C86631A83486E0046984B /* MAGroundOverlayRenderer.h */,
				799C86641A83486E0046984B /* MAGroundOverlayView.h */,
				799C86651A83486E0046984B /* MAMapKit.h */,
				799C86661A83486E0046984B /* MAMapServices.h */,
				799C86671A83486E0046984B /* MAMapView.h */,
				799C86681A83486E0046984B /* MAMultiPoint.h */,
				799C86691A83486E0046984B /* MAOverlay.h */,
				799C866A1A83486E0046984B /* MAOverlayPathRenderer.h */,
				799C866B1A83486E0046984B /* MAOverlayPathView.h */,
				799C866C1A83486E0046984B /* MAOverlayRenderer.h */,
				799C866D1A83486E0046984B /* MAOverlayView.h */,
				799C866E1A83486E0046984B /* MAPinAnnotationView.h */,
				799C866F1A83486E0046984B /* MAPointAnnotation.h */,
				799C86701A83486E0046984B /* MAPolygon.h */,
				799C86711A83486E0046984B /* MAPolygonRenderer.h */,
				799C86721A83486E0046984B /* MAPolygonView.h */,
				799C86731A83486E0046984B /* MAPolyline.h */,
				799C86741A83486E0046984B /* MAPolylineRenderer.h */,
				799C86751A83486E0046984B /* MAPolylineView.h */,
				799C86761A83486E0046984B /* MAShape.h */,
				799C86771A83486E0046984B /* MATileOverlay.h */,
				799C86781A83486E0046984B /* MATileOverlayRenderer.h */,
				799C86791A83486E0046984B /* MATileOverlayView.h */,
				799C867A1A83486E0046984B /* MAUserLocation.h */,
				799C867B1A83486E0046984B /* MAUserLocationRepresentation.h */,
			);
			path = Headers;
			sourceTree = "<group>";
		};
		799C867D1A83486E0046984B /* Resources */ = {
			isa = PBXGroup;
			children = (
				799C867E1A83486E0046984B /* AMap.bundle */,
			);
			path = Resources;
			sourceTree = "<group>";
		};
		B6413DB608FE35CF5950127F /* Frameworks */ = {
			isa = PBXGroup;
			children = (
				799C86911A8349140046984B /* SystemConfiguration.framework */,
				799C868F1A83490A0046984B /* libstdc++.6.0.9.dylib */,
				799C868D1A8348FE0046984B /* libz.dylib */,
				799C868B1A8348E60046984B /* Security.framework */,
				799C86891A8348DE0046984B /* OpenGLES.framework */,
				799C86871A8348D60046984B /* QuartzCore.framework */,
				799C86851A8348CD0046984B /* CoreTelephony.framework */,
				799C86831A8348C20046984B /* CoreLocation.framework */,
				799C86811A8348B90046984B /* CoreGraphics.framework */,
				393455A87C9C36AD4224B09F /* libPods.a */,
			);
			name = Frameworks;
			sourceTree = "<group>";
		};
/* End PBXGroup section */

/* Begin PBXNativeTarget section */
		799C86281A830E160046984B /* mapdemo */ = {
			isa = PBXNativeTarget;
			buildConfigurationList = 799C864C1A830E160046984B /* Build configuration list for PBXNativeTarget "mapdemo" */;
			buildPhases = (
				1B96A054F5C9DFEA04C6BA2D /* Check Pods Manifest.lock */,
				799C86251A830E160046984B /* Sources */,
				799C86261A830E160046984B /* Frameworks */,
				799C86271A830E160046984B /* Resources */,
				0BBC9321C3B0411B788E200E /* Copy Pods Resources */,
			);
			buildRules = (
			);
			dependencies = (
			);
			name = mapdemo;
			productName = mapdemo;
			productReference = 799C86291A830E160046984B /* mapdemo.app */;
			productType = "com.apple.product-type.application";
		};
		799C86411A830E160046984B /* mapdemoTests */ = {
			isa = PBXNativeTarget;
			buildConfigurationList = 799C864F1A830E160046984B /* Build configuration list for PBXNativeTarget "mapdemoTests" */;
			buildPhases = (
				799C863E1A830E160046984B /* Sources */,
				799C863F1A830E160046984B /* Frameworks */,
				799C86401A830E160046984B /* Resources */,
			);
			buildRules = (
			);
			dependencies = (
				799C86441A830E160046984B /* PBXTargetDependency */,
			);
			name = mapdemoTests;
			productName = mapdemoTests;
			productReference = 799C86421A830E160046984B /* mapdemoTests.xctest */;
			productType = "com.apple.product-type.bundle.unit-test";
		};
/* End PBXNativeTarget section */

/* Begin PBXProject section */
		799C86211A830E160046984B /* Project object */ = {
			isa = PBXProject;
			attributes = {
				LastUpgradeCheck = 0610;
				ORGANIZATIONNAME = richard;
				TargetAttributes = {
					799C86281A830E160046984B = {
						CreatedOnToolsVersion = 6.1.1;
					};
					799C86411A830E160046984B = {
						CreatedOnToolsVersion = 6.1.1;
						TestTargetID = 799C86281A830E160046984B;
					};
				};
			};
			buildConfigurationList = 799C86241A830E160046984B /* Build configuration list for PBXProject "mapdemo" */;
			compatibilityVersion = "Xcode 3.2";
			developmentRegion = English;
			hasScannedForEncodings = 0;
			knownRegions = (
				en,
				Base,
			);
			mainGroup = 799C86201A830E160046984B;
			productRefGroup = 799C862A1A830E160046984B /* Products */;
			projectDirPath = "";
			projectRoot = "";
			targets = (
				799C86281A830E160046984B /* mapdemo */,
				799C86411A830E160046984B /* mapdemoTests */,
			);
		};
/* End PBXProject section */

/* Begin PBXResourcesBuildPhase section */
		799C86271A830E160046984B /* Resources */ = {
			isa = PBXResourcesBuildPhase;
			buildActionMask = 2147483647;
			files = (
				799C86971A846A220046984B /* selfImg@2x.png in Resources */,
				799C86801A83486E0046984B /* AMap.bundle in Resources */,
				799C86591A831D550046984B /* annoImg@2x.png in Resources */,
				799C86381A830E160046984B /* Main.storyboard in Resources */,
				799C863D1A830E160046984B /* LaunchScreen.xib in Resources */,
				799C863A1A830E160046984B /* Images.xcassets in Resources */,
			);
			runOnlyForDeploymentPostprocessing = 0;
		};
		799C86401A830E160046984B /* Resources */ = {
			isa = PBXResourcesBuildPhase;
			buildActionMask = 2147483647;
			files = (
			);
			runOnlyForDeploymentPostprocessing = 0;
		};
/* End PBXResourcesBuildPhase section */

/* Begin PBXShellScriptBuildPhase section */
		0BBC9321C3B0411B788E200E /* Copy Pods Resources */ = {
			isa = PBXShellScriptBuildPhase;
			buildActionMask = 2147483647;
			files = (
			);
			inputPaths = (
			);
			name = "Copy Pods Resources";
			outputPaths = (
			);
			runOnlyForDeploymentPostprocessing = 0;
			shellPath = /bin/sh;
			shellScript = "\"${SRCROOT}/Pods/Target Support Files/Pods/Pods-resources.sh\"\n";
			showEnvVarsInLog = 0;
		};
		1B96A054F5C9DFEA04C6BA2D /* Check Pods Manifest.lock */ = {
			isa = PBXShellScriptBuildPhase;
			buildActionMask = 2147483647;
			files = (
			);
			inputPaths = (
			);
			name = "Check Pods Manifest.lock";
			outputPaths = (
			);
			runOnlyForDeploymentPostprocessing = 0;
			shellPath = /bin/sh;
			shellScript = "diff \"${PODS_ROOT}/../Podfile.lock\" \"${PODS_ROOT}/Manifest.lock\" > /dev/null\nif [[ $? != 0 ]] ; then\n    cat << EOM\nerror: The sandbox is not in sync with the Podfile.lock. Run 'pod install' or update your CocoaPods installation.\nEOM\n    exit 1\nfi\n";
			showEnvVarsInLog = 0;
		};
/* End PBXShellScriptBuildPhase section */

/* Begin PBXSourcesBuildPhase section */
		799C86251A830E160046984B /* Sources */ = {
			isa = PBXSourcesBuildPhase;
			buildActionMask = 2147483647;
			files = (
				799C86351A830E160046984B /* ViewController.m in Sources */,
				799C86321A830E160046984B /* AppDelegate.m in Sources */,
				799C86571A831B4F0046984B /* myAnnotationView.m in Sources */,
				799C862F1A830E160046984B /* main.m in Sources */,
				799C86951A8373780046984B /* myAnnotation.m in Sources */,
				799C86541A83174D0046984B /* sectionModel.m in Sources */,
			);
			runOnlyForDeploymentPostprocessing = 0;
		};
		799C863E1A830E160046984B /* Sources */ = {
			isa = PBXSourcesBuildPhase;
			buildActionMask = 2147483647;
			files = (
				799C86491A830E160046984B /* mapdemoTests.m in Sources */,
			);
			runOnlyForDeploymentPostprocessing = 0;
		};
/* End PBXSourcesBuildPhase section */

/* Begin PBXTargetDependency section */
		799C86441A830E160046984B /* PBXTargetDependency */ = {
			isa = PBXTargetDependency;
			target = 799C86281A830E160046984B /* mapdemo */;
			targetProxy = 799C86431A830E160046984B /* PBXContainerItemProxy */;
		};
/* End PBXTargetDependency section */

/* Begin PBXVariantGroup section */
		799C86361A830E160046984B /* Main.storyboard */ = {
			isa = PBXVariantGroup;
			children = (
				799C86371A830E160046984B /* Base */,
			);
			name = Main.storyboard;
			sourceTree = "<group>";
		};
		799C863B1A830E160046984B /* LaunchScreen.xib */ = {
			isa = PBXVariantGroup;
			children = (
				799C863C1A830E160046984B /* Base */,
			);
			name = LaunchScreen.xib;
			sourceTree = "<group>";
		};
/* End PBXVariantGroup section */

/* Begin XCBuildConfiguration section */
		799C864A1A830E160046984B /* Debug */ = {
			isa = XCBuildConfiguration;
			buildSettings = {
				ALWAYS_SEARCH_USER_PATHS = NO;
				CLANG_CXX_LANGUAGE_STANDARD = "gnu++0x";
				CLANG_CXX_LIBRARY = "libc++";
				CLANG_ENABLE_MODULES = YES;
				CLANG_ENABLE_OBJC_ARC = YES;
				CLANG_WARN_BOOL_CONVERSION = YES;
				CLANG_WARN_CONSTANT_CONVERSION = YES;
				CLANG_WARN_DIRECT_OBJC_ISA_USAGE = YES_ERROR;
				CLANG_WARN_EMPTY_BODY = YES;
				CLANG_WARN_ENUM_CONVERSION = YES;
				CLANG_WARN_INT_CONVERSION = YES;
				CLANG_WARN_OBJC_ROOT_CLASS = YES_ERROR;
				CLANG_WARN_UNREACHABLE_CODE = YES;
				CLANG_WARN__DUPLICATE_METHOD_MATCH = YES;
				"CODE_SIGN_IDENTITY[sdk=iphoneos*]" = "iPhone Developer";
				COPY_PHASE_STRIP = NO;
				ENABLE_STRICT_OBJC_MSGSEND = YES;
				GCC_C_LANGUAGE_STANDARD = gnu99;
				GCC_DYNAMIC_NO_PIC = NO;
				GCC_OPTIMIZATION_LEVEL = 0;
				GCC_PREPROCESSOR_DEFINITIONS = (
					"DEBUG=1",
					"$(inherited)",
				);
				GCC_SYMBOLS_PRIVATE_EXTERN = NO;
				GCC_WARN_64_TO_32_BIT_CONVERSION = YES;
				GCC_WARN_ABOUT_RETURN_TYPE = YES_ERROR;
				GCC_WARN_UNDECLARED_SELECTOR = YES;
				GCC_WARN_UNINITIALIZED_AUTOS = YES_AGGRESSIVE;
				GCC_WARN_UNUSED_FUNCTION = YES;
				GCC_WARN_UNUSED_VARIABLE = YES;
				IPHONEOS_DEPLOYMENT_TARGET = 8.1;
				MTL_ENABLE_DEBUG_INFO = YES;
				ONLY_ACTIVE_ARCH = YES;
				SDKROOT = iphoneos;
				TARGETED_DEVICE_FAMILY = "1,2";
			};
			name = Debug;
		};
		799C864B1A830E160046984B /* Release */ = {
			isa = XCBuildConfiguration;
			buildSettings = {
				ALWAYS_SEARCH_USER_PATHS = NO;
				CLANG_CXX_LANGUAGE_STANDARD = "gnu++0x";
				CLANG_CXX_LIBRARY = "libc++";
				CLANG_ENABLE_MODULES = YES;
				CLANG_ENABLE_OBJC_ARC = YES;
				CLANG_WARN_BOOL_CONVERSION = YES;
				CLANG_WARN_CONSTANT_CONVERSION = YES;
				CLANG_WARN_DIRECT_OBJC_ISA_USAGE = YES_ERROR;
				CLANG_WARN_EMPTY_BODY = YES;
				CLANG_WARN_ENUM_CONVERSION = YES;
				CLANG_WARN_INT_CONVERSION = YES;
				CLANG_WARN_OBJC_ROOT_CLASS = YES_ERROR;
				CLANG_WARN_UNREACHABLE_CODE = YES;
				CLANG_WARN__DUPLICATE_METHOD_MATCH = YES;
				"CODE_SIGN_IDENTITY[sdk=iphoneos*]" = "iPhone Developer";
				COPY_PHASE_STRIP = YES;
				ENABLE_NS_ASSERTIONS = NO;
				ENABLE_STRICT_OBJC_MSGSEND = YES;
				GCC_C_LANGUAGE_STANDARD = gnu99;
				GCC_WARN_64_TO_32_BIT_CONVERSION = YES;
				GCC_WARN_ABOUT_RETURN_TYPE = YES_ERROR;
				GCC_WARN_UNDECLARED_SELECTOR = YES;
				GCC_WARN_UNINITIALIZED_AUTOS = YES_AGGRESSIVE;
				GCC_WARN_UNUSED_FUNCTION = YES;
				GCC_WARN_UNUSED_VARIABLE = YES;
				IPHONEOS_DEPLOYMENT_TARGET = 8.1;
				MTL_ENABLE_DEBUG_INFO = NO;
				SDKROOT = iphoneos;
				TARGETED_DEVICE_FAMILY = "1,2";
				VALIDATE_PRODUCT = YES;
			};
			name = Release;
		};
		799C864D1A830E160046984B /* Debug */ = {
			isa = XCBuildConfiguration;
			baseConfigurationReference = 507ED27F295A13670C5CF870 /* Pods.debug.xcconfig */;
			buildSettings = {
				ASSETCATALOG_COMPILER_APPICON_NAME = AppIcon;
				INFOPLIST_FILE = mapdemo/Info.plist;
				LD_RUNPATH_SEARCH_PATHS = "$(inherited) @executable_path/Frameworks";
				PRODUCT_NAME = "$(TARGET_NAME)";
				TARGETED_DEVICE_FAMILY = 1;
			};
			name = Debug;
		};
		799C864E1A830E160046984B /* Release */ = {
			isa = XCBuildConfiguration;
			baseConfigurationReference = 5BE48CF5E83502A9540FA28E /* Pods.release.xcconfig */;
			buildSettings = {
				ASSETCATALOG_COMPILER_APPICON_NAME = AppIcon;
				INFOPLIST_FILE = mapdemo/Info.plist;
				LD_RUNPATH_SEARCH_PATHS = "$(inherited) @executable_path/Frameworks";
				PRODUCT_NAME = "$(TARGET_NAME)";
				TARGETED_DEVICE_FAMILY = 1;
			};
			name = Release;
		};
		799C86501A830E160046984B /* Debug */ = {
			isa = XCBuildConfiguration;
			buildSettings = {
				BUNDLE_LOADER = "$(TEST_HOST)";
				FRAMEWORK_SEARCH_PATHS = (
					"$(SDKROOT)/Developer/Library/Frameworks",
					"$(inherited)",
				);
				GCC_PREPROCESSOR_DEFINITIONS = (
					"DEBUG=1",
					"$(inherited)",
				);
				INFOPLIST_FILE = mapdemoTests/Info.plist;
				LD_RUNPATH_SEARCH_PATHS = "$(inherited) @executable_path/Frameworks @loader_path/Frameworks";
				PRODUCT_NAME = "$(TARGET_NAME)";
				TEST_HOST = "$(BUILT_PRODUCTS_DIR)/mapdemo.app/mapdemo";
			};
			name = Debug;
		};
		799C86511A830E160046984B /* Release */ = {
			isa = XCBuildConfiguration;
			buildSettings = {
				BUNDLE_LOADER = "$(TEST_HOST)";
				FRAMEWORK_SEARCH_PATHS = (
					"$(SDKROOT)/Developer/Library/Frameworks",
					"$(inherited)",
				);
				INFOPLIST_FILE = mapdemoTests/Info.plist;
				LD_RUNPATH_SEARCH_PATHS = "$(inherited) @executable_path/Frameworks @loader_path/Frameworks";
				PRODUCT_NAME = "$(TARGET_NAME)";
				TEST_HOST = "$(BUILT_PRODUCTS_DIR)/mapdemo.app/mapdemo";
			};
			name = Release;
		};
/* End XCBuildConfiguration section */

/* Begin XCConfigurationList section */
		799C86241A830E160046984B /* Build configuration list for PBXProject "mapdemo" */ = {
			isa = XCConfigurationList;
			buildConfigurations = (
				799C864A1A830E160046984B /* Debug */,
				799C864B1A830E160046984B /* Release */,
			);
			defaultConfigurationIsVisible = 0;
			defaultConfigurationName = Release;
		};
		799C864C1A830E160046984B /* Build configuration list for PBXNativeTarget "mapdemo" */ = {
			isa = XCConfigurationList;
			buildConfigurations = (
				799C864D1A830E160046984B /* Debug */,
				799C864E1A830E160046984B /* Release */,
			);
			defaultConfigurationIsVisible = 0;
			defaultConfigurationName = Release;
		};
		799C864F1A830E160046984B /* Build configuration list for PBXNativeTarget "mapdemoTests" */ = {
			isa = XCConfigurationList;
			buildConfigurations = (
				799C86501A830E160046984B /* Debug */,
				799C86511A830E160046984B /* Release */,
			);
			defaultConfigurationIsVisible = 0;
			defaultConfigurationName = Release;
		};
/* End XCConfigurationList section */
	};
	rootObject = 799C86211A830E160046984B /* Project object */;
}
